
Microsoft Visual Studio Solution File, Format Version 12.00
# Visual Studio 15
VisualStudioVersion = 15.0.28307.1259
MinimumVisualStudioVersion = 10.0.40219.1
Project("{FAE04EC0-301F-11D3-BF4B-00C04F79EFBC}") = "Phaser", "Phaser\Phaser.csproj", "{5C49D684-04AD-4F91-A284-4FD78E9CA76C}"
EndProject
Global
	GlobalSection(SolutionConfigurationPlatforms) = preSolution
		Debug|Any CPU = Debug|Any CPU
		Release|Any CPU = Release|Any CPU
	EndGlobalSection
	GlobalSection(ProjectConfigurationPlatforms) = postSolution
		{5C49D684-04AD-4F91-A284-4FD78E9CA76C}.Debug|Any CPU.ActiveCfg = Debug|Any CPU
		{5C49D684-04AD-4F91-A284-4FD78E9CA76C}.Debug|Any CPU.Build.0 = Debug|Any CPU
		{5C49D684-04AD-4F91-A284-4FD78E9CA76C}.Release|Any CPU.ActiveCfg = Release|Any CPU
		{5C49D684-04AD-4F91-A284-4FD78E9CA76C}.Release|Any CPU.Build.0 = Release|Any CPU
	EndGlobalSection
	GlobalSection(SolutionProperties) = preSolution
		HideSolutionNode = FALSE
	EndGlobalSection
	GlobalSection(ExtensibilityGlobals) = postSolution
		SolutionGuid = {BB039BD7-C102-437F-9939-E0AF21F03926}
	EndGlobalSection
EndGlobal
